
Microsoft Visual Studio Solution File, Format Version 12.00
# Visual Studio Version 17
VisualStudioVersion = 17.0.31903.59
MinimumVisualStudioVersion = 10.0.40219.1
Project("{FAE04EC0-301F-11D3-BF4B-00C04F79EFBC}") = "AuthService", "AuthService\AuthService.csproj", "{615134C0-8D85-4A4D-B608-9D2D768EE2FA}"
EndProject
Project("{FAE04EC0-301F-11D3-BF4B-00C04F79EFBC}") = "AuthService.UnitTests", "AuthService.UnitTests\AuthService.UnitTests.csproj", "{E621B7D9-EC75-4233-98ED-5C2885B47280}"
EndProject
Project("{FAE04EC0-301F-11D3-BF4B-00C04F79EFBC}") = "AuthService.IntegrationTests", "AuthService.IntegrationTests\AuthService.IntegrationTests.csproj", "{E9D5BE0C-B3CA-496C-A78E-4A973440AF52}"
EndProject
Global
	GlobalSection(SolutionConfigurationPlatforms) = preSolution
		Debug|Any CPU = Debug|Any CPU
		Debug|x64 = Debug|x64
		Debug|x86 = Debug|x86
		Release|Any CPU = Release|Any CPU
		Release|x64 = Release|x64
		Release|x86 = Release|x86
	EndGlobalSection
	GlobalSection(ProjectConfigurationPlatforms) = postSolution
		{615134C0-8D85-4A4D-B608-9D2D768EE2FA}.Debug|Any CPU.ActiveCfg = Debug|Any CPU
		{615134C0-8D85-4A4D-B608-9D2D768EE2FA}.Debug|Any CPU.Build.0 = Debug|Any CPU
		{615134C0-8D85-4A4D-B608-9D2D768EE2FA}.Debug|x64.ActiveCfg = Debug|Any CPU
		{615134C0-8D85-4A4D-B608-9D2D768EE2FA}.Debug|x64.Build.0 = Debug|Any CPU
		{615134C0-8D85-4A4D-B608-9D2D768EE2FA}.Debug|x86.ActiveCfg = Debug|Any CPU
		{615134C0-8D85-4A4D-B608-9D2D768EE2FA}.Debug|x86.Build.0 = Debug|Any CPU
		{615134C0-8D85-4A4D-B608-9D2D768EE2FA}.Release|Any CPU.ActiveCfg = Release|Any CPU
		{615134C0-8D85-4A4D-B608-9D2D768EE2FA}.Release|Any CPU.Build.0 = Release|Any CPU
		{615134C0-8D85-4A4D-B608-9D2D768EE2FA}.Release|x64.ActiveCfg = Release|Any CPU
		{615134C0-8D85-4A4D-B608-9D2D768EE2FA}.Release|x64.Build.0 = Release|Any CPU
		{615134C0-8D85-4A4D-B608-9D2D768EE2FA}.Release|x86.ActiveCfg = Release|Any CPU
		{615134C0-8D85-4A4D-B608-9D2D768EE2FA}.Release|x86.Build.0 = Release|Any CPU
		{E621B7D9-EC75-4233-98ED-5C2885B47280}.Debug|Any CPU.ActiveCfg = Debug|Any CPU
		{E621B7D9-EC75-4233-98ED-5C2885B47280}.Debug|Any CPU.Build.0 = Debug|Any CPU
		{E621B7D9-EC75-4233-98ED-5C2885B47280}.Debug|x64.ActiveCfg = Debug|Any CPU
		{E621B7D9-EC75-4233-98ED-5C2885B47280}.Debug|x64.Build.0 = Debug|Any CPU
		{E621B7D9-EC75-4233-98ED-5C2885B47280}.Debug|x86.ActiveCfg = Debug|Any CPU
		{E621B7D9-EC75-4233-98ED-5C2885B47280}.Debug|x86.Build.0 = Debug|Any CPU
		{E621B7D9-EC75-4233-98ED-5C2885B47280}.Release|Any CPU.ActiveCfg = Release|Any CPU
		{E621B7D9-EC75-4233-98ED-5C2885B47280}.Release|Any CPU.Build.0 = Release|Any CPU
		{E621B7D9-EC75-4233-98ED-5C2885B47280}.Release|x64.ActiveCfg = Release|Any CPU
		{E621B7D9-EC75-4233-98ED-5C2885B47280}.Release|x64.Build.0 = Release|Any CPU
		{E621B7D9-EC75-4233-98ED-5C2885B47280}.Release|x86.ActiveCfg = Release|Any CPU
		{E621B7D9-EC75-4233-98ED-5C2885B47280}.Release|x86.Build.0 = Release|Any CPU
		{E9D5BE0C-B3CA-496C-A78E-4A973440AF52}.Debug|Any CPU.ActiveCfg = Debug|Any CPU
		{E9D5BE0C-B3CA-496C-A78E-4A973440AF52}.Debug|Any CPU.Build.0 = Debug|Any CPU
		{E9D5BE0C-B3CA-496C-A78E-4A973440AF52}.Debug|x64.ActiveCfg = Debug|Any CPU
		{E9D5BE0C-B3CA-496C-A78E-4A973440AF52}.Debug|x64.Build.0 = Debug|Any CPU
		{E9D5BE0C-B3CA-496C-A78E-4A973440AF52}.Debug|x86.ActiveCfg = Debug|Any CPU
		{E9D5BE0C-B3CA-496C-A78E-4A973440AF52}.Debug|x86.Build.0 = Debug|Any CPU
		{E9D5BE0C-B3CA-496C-A78E-4A973440AF52}.Release|Any CPU.ActiveCfg = Release|Any CPU
		{E9D5BE0C-B3CA-496C-A78E-4A973440AF52}.Release|Any CPU.Build.0 = Release|Any CPU
		{E9D5BE0C-B3CA-496C-A78E-4A973440AF52}.Release|x64.ActiveCfg = Release|Any CPU
		{E9D5BE0C-B3CA-496C-A78E-4A973440AF52}.Release|x64.Build.0 = Release|Any CPU
		{E9D5BE0C-B3CA-496C-A78E-4A973440AF52}.Release|x86.ActiveCfg = Release|Any CPU
		{E9D5BE0C-B3CA-496C-A78E-4A973440AF52}.Release|x86.Build.0 = Release|Any CPU
	EndGlobalSection
	GlobalSection(SolutionProperties) = preSolution
		HideSolutionNode = FALSE
	EndGlobalSection
EndGlobal
